
Microsoft Visual Studio Solution File, Format Version 12.00
# Visual Studio Version 17
VisualStudioVersion = 17.10.35013.160
MinimumVisualStudioVersion = 10.0.40219.1
Project("{9A19103F-16F7-4668-BE54-9A1E7A4F7556}") = "LibraryAPI", "LibraryAPI\LibraryAPI.csproj", "{3D0BED2A-E314-4870-844B-E9E5E5FBF68B}"
EndProject
Project("{FAE04EC0-301F-11D3-BF4B-00C04F79EFBC}") = "LibraryApiI.Tests", "LibraryApiI.Tests\LibraryApiI.Tests.csproj", "{DBFF7162-3ABA-4872-B421-344C2A4C4554}"
EndProject
Global
	GlobalSection(SolutionConfigurationPlatforms) = preSolution
		Debug|Any CPU = Debug|Any CPU
		Release|Any CPU = Release|Any CPU
	EndGlobalSection
	GlobalSection(ProjectConfigurationPlatforms) = postSolution
		{3D0BED2A-E314-4870-844B-E9E5E5FBF68B}.Debug|Any CPU.ActiveCfg = Debug|Any CPU
		{3D0BED2A-E314-4870-844B-E9E5E5FBF68B}.Debug|Any CPU.Build.0 = Debug|Any CPU
		{3D0BED2A-E314-4870-844B-E9E5E5FBF68B}.Release|Any CPU.ActiveCfg = Release|Any CPU
		{3D0BED2A-E314-4870-844B-E9E5E5FBF68B}.Release|Any CPU.Build.0 = Release|Any CPU
		{DBFF7162-3ABA-4872-B421-344C2A4C4554}.Debug|Any CPU.ActiveCfg = Debug|Any CPU
		{DBFF7162-3ABA-4872-B421-344C2A4C4554}.Debug|Any CPU.Build.0 = Debug|Any CPU
		{DBFF7162-3ABA-4872-B421-344C2A4C4554}.Release|Any CPU.ActiveCfg = Release|Any CPU
		{DBFF7162-3ABA-4872-B421-344C2A4C4554}.Release|Any CPU.Build.0 = Release|Any CPU
	EndGlobalSection
	GlobalSection(SolutionProperties) = preSolution
		HideSolutionNode = FALSE
	EndGlobalSection
	GlobalSection(ExtensibilityGlobals) = postSolution
		SolutionGuid = {D120902A-59C1-4690-9130-6ADC57968092}
	EndGlobalSection
EndGlobal
